// !$*UTF8*$!
{
	archiveVersion = 1;
	classes = {
	};
	objectVersion = 52;
	objects = {

/* Begin PBXBuildFile section */
		DE0BFBB7271B080900FC0F32 /* UIColorExtension.swift in Sources */ = {isa = PBXBuildFile; fileRef = DE0BFBB6271B080900FC0F32 /* UIColorExtension.swift */; };
		DE0BFBBA271B154900FC0F32 /* AppConstants.swift in Sources */ = {isa = PBXBuildFile; fileRef = DE0BFBB9271B154900FC0F32 /* AppConstants.swift */; };
		DE0BFBBC271B16AB00FC0F32 /* HomeScreenView.swift in Sources */ = {isa = PBXBuildFile; fileRef = DE0BFBBB271B16AB00FC0F32 /* HomeScreenView.swift */; };
		DE0BFBBE271B16E300FC0F32 /* ArchiveScreenView.swift in Sources */ = {isa = PBXBuildFile; fileRef = DE0BFBBD271B16E300FC0F32 /* ArchiveScreenView.swift */; };
		DE0BFBC0271B16FD00FC0F32 /* FavoriteScreenView.swift in Sources */ = {isa = PBXBuildFile; fileRef = DE0BFBBF271B16FD00FC0F32 /* FavoriteScreenView.swift */; };
		DE0BFBC2271B170B00FC0F32 /* ProfileScreenView.swift in Sources */ = {isa = PBXBuildFile; fileRef = DE0BFBC1271B170B00FC0F32 /* ProfileScreenView.swift */; };
		DE0BFBC4271B1EA400FC0F32 /* Store.swift in Sources */ = {isa = PBXBuildFile; fileRef = DE0BFBC3271B1EA400FC0F32 /* Store.swift */; };
		DE0BFBC6271B20D200FC0F32 /* AppState.swift in Sources */ = {isa = PBXBuildFile; fileRef = DE0BFBC5271B20D200FC0F32 /* AppState.swift */; };
		DE0BFBC8271B20FA00FC0F32 /* AppReducer.swift in Sources */ = {isa = PBXBuildFile; fileRef = DE0BFBC7271B20FA00FC0F32 /* AppReducer.swift */; };
		DE0BFBCA271B21B400FC0F32 /* HomeMiddleware.swift in Sources */ = {isa = PBXBuildFile; fileRef = DE0BFBC9271B21B400FC0F32 /* HomeMiddleware.swift */; };
		DE0BFBD7271B38BD00FC0F32 /* CampaignBannersResponse.swift in Sources */ = {isa = PBXBuildFile; fileRef = DE0BFBD6271B38BD00FC0F32 /* CampaignBannersResponse.swift */; };
		DE0BFBD9271B38CF00FC0F32 /* CampaignBannerEntity.swift in Sources */ = {isa = PBXBuildFile; fileRef = DE0BFBD8271B38CF00FC0F32 /* CampaignBannerEntity.swift */; };
		DE136BE827227525007F6808 /* SwiftyUserDefaults in Frameworks */ = {isa = PBXBuildFile; productRef = DE136BE727227525007F6808 /* SwiftyUserDefaults */; };
		DE1833B7291DA3A000E3E885 /* RecentNewsEntity.swift in Sources */ = {isa = PBXBuildFile; fileRef = DE1833B6291DA39F00E3E885 /* RecentNewsEntity.swift */; };
		DE1833BB291DA7E800E3E885 /* RecentNewsResponse.swift in Sources */ = {isa = PBXBuildFile; fileRef = DE1833BA291DA7E800E3E885 /* RecentNewsResponse.swift */; };
		DE1833BD291DA8BD00E3E885 /* FeaturedTopicEntity.swift in Sources */ = {isa = PBXBuildFile; fileRef = DE1833BC291DA8BD00E3E885 /* FeaturedTopicEntity.swift */; };
		DE1833BF291DAABF00E3E885 /* FeaturedTopicsResponse.swift in Sources */ = {isa = PBXBuildFile; fileRef = DE1833BE291DAABF00E3E885 /* FeaturedTopicsResponse.swift */; };
		DE1833C1291DAD9900E3E885 /* TrendArticleEntity.swift in Sources */ = {isa = PBXBuildFile; fileRef = DE1833C0291DAD9900E3E885 /* TrendArticleEntity.swift */; };
		DE1833C3291DAF8100E3E885 /* TrendArticleResponse.swift in Sources */ = {isa = PBXBuildFile; fileRef = DE1833C2291DAF8100E3E885 /* TrendArticleResponse.swift */; };
		DE1833C5291DB41F00E3E885 /* PickupPhotoEntity.swift in Sources */ = {isa = PBXBuildFile; fileRef = DE1833C4291DB41F00E3E885 /* PickupPhotoEntity.swift */; };
		DE1833C7291DB70D00E3E885 /* PickupPhotoResponse.swift in Sources */ = {isa = PBXBuildFile; fileRef = DE1833C6291DB70D00E3E885 /* PickupPhotoResponse.swift */; };
		DE1833C9291DB77800E3E885 /* HomeResponse.swift in Sources */ = {isa = PBXBuildFile; fileRef = DE1833C8291DB77800E3E885 /* HomeResponse.swift */; };
		DE1833CB291F910200E3E885 /* HomeState.swift in Sources */ = {isa = PBXBuildFile; fileRef = DE1833CA291F910200E3E885 /* HomeState.swift */; };
		DE1833CD291F911000E3E885 /* HomeReducer.swift in Sources */ = {isa = PBXBuildFile; fileRef = DE1833CC291F911000E3E885 /* HomeReducer.swift */; };
		DE1833CF291F972900E3E885 /* HomeActions.swift in Sources */ = {isa = PBXBuildFile; fileRef = DE1833CE291F972900E3E885 /* HomeActions.swift */; };
		DE1833D2291FAA3C00E3E885 /* RealmAccessManager.swift in Sources */ = {isa = PBXBuildFile; fileRef = DE1833D1291FAA3C00E3E885 /* RealmAccessManager.swift */; };
		DE1833D5291FAB6700E3E885 /* Realm in Frameworks */ = {isa = PBXBuildFile; productRef = DE1833D4291FAB6700E3E885 /* Realm */; };
		DE1833D7291FAB6700E3E885 /* RealmSwift in Frameworks */ = {isa = PBXBuildFile; productRef = DE1833D6291FAB6700E3E885 /* RealmSwift */; };
		DE1833D9291FABCD00E3E885 /* UserDefaultManager.swift in Sources */ = {isa = PBXBuildFile; fileRef = DE1833D8291FABCD00E3E885 /* UserDefaultManager.swift */; };
		DE1833DC29210BF600E3E885 /* ApplicationStatusLocalStore.swift in Sources */ = {isa = PBXBuildFile; fileRef = DE1833DB29210BF600E3E885 /* ApplicationStatusLocalStore.swift */; };
		DE1833E129210DB700E3E885 /* FavoriteRealmEntity.swift in Sources */ = {isa = PBXBuildFile; fileRef = DE1833E029210DB700E3E885 /* FavoriteRealmEntity.swift */; };
		DE1833EC292DC86800E3E885 /* CampaignBannerCarouselView.swift in Sources */ = {isa = PBXBuildFile; fileRef = DE1833EB292DC86800E3E885 /* CampaignBannerCarouselView.swift */; };
		DE1834162932174900E3E885 /* campaign_banners.json in Resources */ = {isa = PBXBuildFile; fileRef = DE1834152932174900E3E885 /* campaign_banners.json */; };
		DE183418293223E600E3E885 /* recent_news.json in Resources */ = {isa = PBXBuildFile; fileRef = DE183417293223E600E3E885 /* recent_news.json */; };
		DE18341A2932715000E3E885 /* trend_articles.json in Resources */ = {isa = PBXBuildFile; fileRef = DE1834192932714F00E3E885 /* trend_articles.json */; };
		DE18341D2932829900E3E885 /* ArchivePhotoEntity.swift in Sources */ = {isa = PBXBuildFile; fileRef = DE18341C2932829900E3E885 /* ArchivePhotoEntity.swift */; };
		DE1834202932833000E3E885 /* featured_topics.json in Resources */ = {isa = PBXBuildFile; fileRef = DE18341F2932833000E3E885 /* featured_topics.json */; };
		DE1834222932887900E3E885 /* pickup_photos.json in Resources */ = {isa = PBXBuildFile; fileRef = DE1834212932887900E3E885 /* pickup_photos.json */; };
		DE183429293FDC5000E3E885 /* Kingfisher in Frameworks */ = {isa = PBXBuildFile; productRef = DE183428293FDC5000E3E885 /* Kingfisher */; };
		DE18342B293FF87400E3E885 /* PickupPhotosGridView.swift in Sources */ = {isa = PBXBuildFile; fileRef = DE18342A293FF87400E3E885 /* PickupPhotosGridView.swift */; };
		DE18342D29404A5E00E3E885 /* RecentNewsCarouselView.swift in Sources */ = {isa = PBXBuildFile; fileRef = DE18342C29404A5E00E3E885 /* RecentNewsCarouselView.swift */; };
		DE18342F29407DC900E3E885 /* HomeCommonSectionView.swift in Sources */ = {isa = PBXBuildFile; fileRef = DE18342E29407DC900E3E885 /* HomeCommonSectionView.swift */; };
		DE2098692787025D000272B9 /* SwiftUIColorExtension.swift in Sources */ = {isa = PBXBuildFile; fileRef = DE2098682787025D000272B9 /* SwiftUIColorExtension.swift */; };
		DE20986B278B0F35000272B9 /* RatingViewRepresentable.swift in Sources */ = {isa = PBXBuildFile; fileRef = DE20986A278B0F34000272B9 /* RatingViewRepresentable.swift */; };
		DE42E19A29423C52007E462F /* DateLabelFormatter.swift in Sources */ = {isa = PBXBuildFile; fileRef = DE42E19929423C52007E462F /* DateLabelFormatter.swift */; };
		DE43244028463B4F001ECA85 /* Cosmos in Frameworks */ = {isa = PBXBuildFile; productRef = DE43243F28463B4F001ECA85 /* Cosmos */; };
		DE9F9A1927867A5F00EF32BB /* AppDelegate.swift in Sources */ = {isa = PBXBuildFile; fileRef = DE9F9A1827867A5F00EF32BB /* AppDelegate.swift */; };
		DED73F8328F451DA00A7F811 /* CollectionViewPagingLayout in Frameworks */ = {isa = PBXBuildFile; productRef = DED73F8228F451DA00A7F811 /* CollectionViewPagingLayout */; };
		DEDA9CCE27B6B5190067578E /* ContentRouter.swift in Sources */ = {isa = PBXBuildFile; fileRef = DEDA9CCD27B6B5190067578E /* ContentRouter.swift */; };
		DEE257C6271F1E6500751B67 /* APIClientManager.swift in Sources */ = {isa = PBXBuildFile; fileRef = DEE257C5271F1E6500751B67 /* APIClientManager.swift */; };
		DEE9C6F626E8308700190505 /* SwiftUIAndReduxExampleApp.swift in Sources */ = {isa = PBXBuildFile; fileRef = DEE9C6F526E8308700190505 /* SwiftUIAndReduxExampleApp.swift */; };
		DEE9C6F826E8308700190505 /* ContentView.swift in Sources */ = {isa = PBXBuildFile; fileRef = DEE9C6F726E8308700190505 /* ContentView.swift */; };
		DEE9C6FA26E8308800190505 /* Assets.xcassets in Resources */ = {isa = PBXBuildFile; fileRef = DEE9C6F926E8308800190505 /* Assets.xcassets */; };
		DEE9C6FD26E8308800190505 /* Preview Assets.xcassets in Resources */ = {isa = PBXBuildFile; fileRef = DEE9C6FC26E8308800190505 /* Preview Assets.xcassets */; };
		DEE9C70826E8308900190505 /* SwiftUIAndReduxExampleTests.swift in Sources */ = {isa = PBXBuildFile; fileRef = DEE9C70726E8308900190505 /* SwiftUIAndReduxExampleTests.swift */; };
		DEE9C71326E8308900190505 /* SwiftUIAndReduxExampleUITests.swift in Sources */ = {isa = PBXBuildFile; fileRef = DEE9C71226E8308900190505 /* SwiftUIAndReduxExampleUITests.swift */; };
/* End PBXBuildFile section */

/* Begin PBXContainerItemProxy section */
		DEE9C70426E8308900190505 /* PBXContainerItemProxy */ = {
			isa = PBXContainerItemProxy;
			containerPortal = DEE9C6EA26E8308700190505 /* Project object */;
			proxyType = 1;
			remoteGlobalIDString = DEE9C6F126E8308700190505;
			remoteInfo = SwiftUIAndReduxExample;
		};
		DEE9C70F26E8308900190505 /* PBXContainerItemProxy */ = {
			isa = PBXContainerItemProxy;
			containerPortal = DEE9C6EA26E8308700190505 /* Project object */;
			proxyType = 1;
			remoteGlobalIDString = DEE9C6F126E8308700190505;
			remoteInfo = SwiftUIAndReduxExample;
		};
/* End PBXContainerItemProxy section */

/* Begin PBXFileReference section */
		DE0BFBB6271B080900FC0F32 /* UIColorExtension.swift */ = {isa = PBXFileReference; lastKnownFileType = sourcecode.swift; path = UIColorExtension.swift; sourceTree = "<group>"; };
		DE0BFBB9271B154900FC0F32 /* AppConstants.swift */ = {isa = PBXFileReference; lastKnownFileType = sourcecode.swift; path = AppConstants.swift; sourceTree = "<group>"; };
		DE0BFBBB271B16AB00FC0F32 /* HomeScreenView.swift */ = {isa = PBXFileReference; lastKnownFileType = sourcecode.swift; path = HomeScreenView.swift; sourceTree = "<group>"; };
		DE0BFBBD271B16E300FC0F32 /* ArchiveScreenView.swift */ = {isa = PBXFileReference; lastKnownFileType = sourcecode.swift; path = ArchiveScreenView.swift; sourceTree = "<group>"; };
		DE0BFBBF271B16FD00FC0F32 /* FavoriteScreenView.swift */ = {isa = PBXFileReference; lastKnownFileType = sourcecode.swift; path = FavoriteScreenView.swift; sourceTree = "<group>"; };
		DE0BFBC1271B170B00FC0F32 /* ProfileScreenView.swift */ = {isa = PBXFileReference; lastKnownFileType = sourcecode.swift; path = ProfileScreenView.swift; sourceTree = "<group>"; };
		DE0BFBC3271B1EA400FC0F32 /* Store.swift */ = {isa = PBXFileReference; lastKnownFileType = sourcecode.swift; path = Store.swift; sourceTree = "<group>"; };
		DE0BFBC5271B20D200FC0F32 /* AppState.swift */ = {isa = PBXFileReference; lastKnownFileType = sourcecode.swift; path = AppState.swift; sourceTree = "<group>"; };
		DE0BFBC7271B20FA00FC0F32 /* AppReducer.swift */ = {isa = PBXFileReference; lastKnownFileType = sourcecode.swift; path = AppReducer.swift; sourceTree = "<group>"; };
		DE0BFBC9271B21B400FC0F32 /* HomeMiddleware.swift */ = {isa = PBXFileReference; lastKnownFileType = sourcecode.swift; path = HomeMiddleware.swift; sourceTree = "<group>"; };
		DE0BFBD6271B38BD00FC0F32 /* CampaignBannersResponse.swift */ = {isa = PBXFileReference; lastKnownFileType = sourcecode.swift; path = CampaignBannersResponse.swift; sourceTree = "<group>"; };
		DE0BFBD8271B38CF00FC0F32 /* CampaignBannerEntity.swift */ = {isa = PBXFileReference; lastKnownFileType = sourcecode.swift; path = CampaignBannerEntity.swift; sourceTree = "<group>"; };
		DE1833B6291DA39F00E3E885 /* RecentNewsEntity.swift */ = {isa = PBXFileReference; lastKnownFileType = sourcecode.swift; path = RecentNewsEntity.swift; sourceTree = "<group>"; };
		DE1833BA291DA7E800E3E885 /* RecentNewsResponse.swift */ = {isa = PBXFileReference; lastKnownFileType = sourcecode.swift; path = RecentNewsResponse.swift; sourceTree = "<group>"; };
		DE1833BC291DA8BD00E3E885 /* FeaturedTopicEntity.swift */ = {isa = PBXFileReference; lastKnownFileType = sourcecode.swift; path = FeaturedTopicEntity.swift; sourceTree = "<group>"; };
		DE1833BE291DAABF00E3E885 /* FeaturedTopicsResponse.swift */ = {isa = PBXFileReference; lastKnownFileType = sourcecode.swift; path = FeaturedTopicsResponse.swift; sourceTree = "<group>"; };
		DE1833C0291DAD9900E3E885 /* TrendArticleEntity.swift */ = {isa = PBXFileReference; lastKnownFileType = sourcecode.swift; path = TrendArticleEntity.swift; sourceTree = "<group>"; };
		DE1833C2291DAF8100E3E885 /* TrendArticleResponse.swift */ = {isa = PBXFileReference; lastKnownFileType = sourcecode.swift; path = TrendArticleResponse.swift; sourceTree = "<group>"; };
		DE1833C4291DB41F00E3E885 /* PickupPhotoEntity.swift */ = {isa = PBXFileReference; lastKnownFileType = sourcecode.swift; path = PickupPhotoEntity.swift; sourceTree = "<group>"; };
		DE1833C6291DB70D00E3E885 /* PickupPhotoResponse.swift */ = {isa = PBXFileReference; lastKnownFileType = sourcecode.swift; path = PickupPhotoResponse.swift; sourceTree = "<group>"; };
		DE1833C8291DB77800E3E885 /* HomeResponse.swift */ = {isa = PBXFileReference; lastKnownFileType = sourcecode.swift; path = HomeResponse.swift; sourceTree = "<group>"; };
		DE1833CA291F910200E3E885 /* HomeState.swift */ = {isa = PBXFileReference; lastKnownFileType = sourcecode.swift; path = HomeState.swift; sourceTree = "<group>"; };
		DE1833CC291F911000E3E885 /* HomeReducer.swift */ = {isa = PBXFileReference; lastKnownFileType = sourcecode.swift; path = HomeReducer.swift; sourceTree = "<group>"; };
		DE1833CE291F972900E3E885 /* HomeActions.swift */ = {isa = PBXFileReference; lastKnownFileType = sourcecode.swift; path = HomeActions.swift; sourceTree = "<group>"; };
		DE1833D1291FAA3C00E3E885 /* RealmAccessManager.swift */ = {isa = PBXFileReference; lastKnownFileType = sourcecode.swift; path = RealmAccessManager.swift; sourceTree = "<group>"; };
		DE1833D8291FABCD00E3E885 /* UserDefaultManager.swift */ = {isa = PBXFileReference; lastKnownFileType = sourcecode.swift; path = UserDefaultManager.swift; sourceTree = "<group>"; };
		DE1833DB29210BF600E3E885 /* ApplicationStatusLocalStore.swift */ = {isa = PBXFileReference; lastKnownFileType = sourcecode.swift; path = ApplicationStatusLocalStore.swift; sourceTree = "<group>"; };
		DE1833E029210DB700E3E885 /* FavoriteRealmEntity.swift */ = {isa = PBXFileReference; lastKnownFileType = sourcecode.swift; path = FavoriteRealmEntity.swift; sourceTree = "<group>"; };
		DE1833EB292DC86800E3E885 /* CampaignBannerCarouselView.swift */ = {isa = PBXFileReference; lastKnownFileType = sourcecode.swift; path = CampaignBannerCarouselView.swift; sourceTree = "<group>"; };
		DE1834152932174900E3E885 /* campaign_banners.json */ = {isa = PBXFileReference; fileEncoding = 4; lastKnownFileType = text.json; path = campaign_banners.json; sourceTree = "<group>"; };
		DE183417293223E600E3E885 /* recent_news.json */ = {isa = PBXFileReference; fileEncoding = 4; lastKnownFileType = text.json; path = recent_news.json; sourceTree = "<group>"; };
		DE1834192932714F00E3E885 /* trend_articles.json */ = {isa = PBXFileReference; fileEncoding = 4; lastKnownFileType = text.json; path = trend_articles.json; sourceTree = "<group>"; };
		DE18341C2932829900E3E885 /* ArchivePhotoEntity.swift */ = {isa = PBXFileReference; lastKnownFileType = sourcecode.swift; path = ArchivePhotoEntity.swift; sourceTree = "<group>"; };
		DE18341F2932833000E3E885 /* featured_topics.json */ = {isa = PBXFileReference; fileEncoding = 4; lastKnownFileType = text.json; path = featured_topics.json; sourceTree = "<group>"; };
		DE1834212932887900E3E885 /* pickup_photos.json */ = {isa = PBXFileReference; fileEncoding = 4; lastKnownFileType = text.json; path = pickup_photos.json; sourceTree = "<group>"; };
		DE18342A293FF87400E3E885 /* PickupPhotosGridView.swift */ = {isa = PBXFileReference; lastKnownFileType = sourcecode.swift; path = PickupPhotosGridView.swift; sourceTree = "<group>"; };
		DE18342C29404A5E00E3E885 /* RecentNewsCarouselView.swift */ = {isa = PBXFileReference; lastKnownFileType = sourcecode.swift; path = RecentNewsCarouselView.swift; sourceTree = "<group>"; };
		DE18342E29407DC900E3E885 /* HomeCommonSectionView.swift */ = {isa = PBXFileReference; lastKnownFileType = sourcecode.swift; path = HomeCommonSectionView.swift; sourceTree = "<group>"; };
		DE2098682787025D000272B9 /* SwiftUIColorExtension.swift */ = {isa = PBXFileReference; lastKnownFileType = sourcecode.swift; path = SwiftUIColorExtension.swift; sourceTree = "<group>"; };
		DE20986A278B0F34000272B9 /* RatingViewRepresentable.swift */ = {isa = PBXFileReference; lastKnownFileType = sourcecode.swift; path = RatingViewRepresentable.swift; sourceTree = "<group>"; };
		DE42E19929423C52007E462F /* DateLabelFormatter.swift */ = {isa = PBXFileReference; lastKnownFileType = sourcecode.swift; path = DateLabelFormatter.swift; sourceTree = "<group>"; };
		DE9F9A1827867A5F00EF32BB /* AppDelegate.swift */ = {isa = PBXFileReference; lastKnownFileType = sourcecode.swift; path = AppDelegate.swift; sourceTree = "<group>"; };
		DEDA9CCD27B6B5190067578E /* ContentRouter.swift */ = {isa = PBXFileReference; lastKnownFileType = sourcecode.swift; path = ContentRouter.swift; sourceTree = "<group>"; };
		DEE257C5271F1E6500751B67 /* APIClientManager.swift */ = {isa = PBXFileReference; lastKnownFileType = sourcecode.swift; path = APIClientManager.swift; sourceTree = "<group>"; };
		DEE9C6F226E8308700190505 /* SwiftUIAndReduxExample.app */ = {isa = PBXFileReference; explicitFileType = wrapper.application; includeInIndex = 0; path = SwiftUIAndReduxExample.app; sourceTree = BUILT_PRODUCTS_DIR; };
		DEE9C6F526E8308700190505 /* SwiftUIAndReduxExampleApp.swift */ = {isa = PBXFileReference; lastKnownFileType = sourcecode.swift; path = SwiftUIAndReduxExampleApp.swift; sourceTree = "<group>"; };
		DEE9C6F726E8308700190505 /* ContentView.swift */ = {isa = PBXFileReference; lastKnownFileType = sourcecode.swift; path = ContentView.swift; sourceTree = "<group>"; };
		DEE9C6F926E8308800190505 /* Assets.xcassets */ = {isa = PBXFileReference; lastKnownFileType = folder.assetcatalog; path = Assets.xcassets; sourceTree = "<group>"; };
		DEE9C6FC26E8308800190505 /* Preview Assets.xcassets */ = {isa = PBXFileReference; lastKnownFileType = folder.assetcatalog; path = "Preview Assets.xcassets"; sourceTree = "<group>"; };
		DEE9C6FE26E8308800190505 /* Info.plist */ = {isa = PBXFileReference; lastKnownFileType = text.plist.xml; path = Info.plist; sourceTree = "<group>"; };
		DEE9C70326E8308900190505 /* SwiftUIAndReduxExampleTests.xctest */ = {isa = PBXFileReference; explicitFileType = wrapper.cfbundle; includeInIndex = 0; path = SwiftUIAndReduxExampleTests.xctest; sourceTree = BUILT_PRODUCTS_DIR; };
		DEE9C70726E8308900190505 /* SwiftUIAndReduxExampleTests.swift */ = {isa = PBXFileReference; lastKnownFileType = sourcecode.swift; path = SwiftUIAndReduxExampleTests.swift; sourceTree = "<group>"; };
		DEE9C70926E8308900190505 /* Info.plist */ = {isa = PBXFileReference; lastKnownFileType = text.plist.xml; path = Info.plist; sourceTree = "<group>"; };
		DEE9C70E26E8308900190505 /* SwiftUIAndReduxExampleUITests.xctest */ = {isa = PBXFileReference; explicitFileType = wrapper.cfbundle; includeInIndex = 0; path = SwiftUIAndReduxExampleUITests.xctest; sourceTree = BUILT_PRODUCTS_DIR; };
		DEE9C71226E8308900190505 /* SwiftUIAndReduxExampleUITests.swift */ = {isa = PBXFileReference; lastKnownFileType = sourcecode.swift; path = SwiftUIAndReduxExampleUITests.swift; sourceTree = "<group>"; };
		DEE9C71426E8308900190505 /* Info.plist */ = {isa = PBXFileReference; lastKnownFileType = text.plist.xml; path = Info.plist; sourceTree = "<group>"; };
/* End PBXFileReference section */

/* Begin PBXFrameworksBuildPhase section */
		DEE9C6EF26E8308700190505 /* Frameworks */ = {
			isa = PBXFrameworksBuildPhase;
			buildActionMask = 2147483647;
			files = (
				DE1833D7291FAB6700E3E885 /* RealmSwift in Frameworks */,
				DE43244028463B4F001ECA85 /* Cosmos in Frameworks */,
				DE183429293FDC5000E3E885 /* Kingfisher in Frameworks */,
				DED73F8328F451DA00A7F811 /* CollectionViewPagingLayout in Frameworks */,
				DE136BE827227525007F6808 /* SwiftyUserDefaults in Frameworks */,
				DE1833D5291FAB6700E3E885 /* Realm in Frameworks */,
			);
			runOnlyForDeploymentPostprocessing = 0;
		};
		DEE9C70026E8308900190505 /* Frameworks */ = {
			isa = PBXFrameworksBuildPhase;
			buildActionMask = 2147483647;
			files = (
			);
			runOnlyForDeploymentPostprocessing = 0;
		};
		DEE9C70B26E8308900190505 /* Frameworks */ = {
			isa = PBXFrameworksBuildPhase;
			buildActionMask = 2147483647;
			files = (
			);
			runOnlyForDeploymentPostprocessing = 0;
		};
/* End PBXFrameworksBuildPhase section */

/* Begin PBXGroup section */
		DE0BFBAA271A99E700FC0F32 /* App */ = {
			isa = PBXGroup;
			children = (
				DE9F9A1827867A5F00EF32BB /* AppDelegate.swift */,
				DEE9C6F526E8308700190505 /* SwiftUIAndReduxExampleApp.swift */,
			);
			path = App;
			sourceTree = "<group>";
		};
		DE0BFBAB271A99F200FC0F32 /* View */ = {
			isa = PBXGroup;
			children = (
				DEE9C6F726E8308700190505 /* ContentView.swift */,
				DED73F7E28E82C2D00A7F811 /* Components */,
				DE0BFBB4271A9D1900FC0F32 /* Representable */,
				DE0BFBB2271A9B3500FC0F32 /* Screens */,
			);
			path = View;
			sourceTree = "<group>";
		};
		DE0BFBAC271A9A1800FC0F32 /* Entity */ = {
			isa = PBXGroup;
			children = (
				DE18341E2932829F00E3E885 /* Archive */,
				DE1833B9291DA7CE00E3E885 /* Home */,
			);
			path = Entity;
			sourceTree = "<group>";
		};
		DE0BFBAD271A9AD600FC0F32 /* Store */ = {
			isa = PBXGroup;
			children = (
				DE0BFBC3271B1EA400FC0F32 /* Store.swift */,
				DED73F8028E833B900A7F811 /* Actions */,
				DE0BFBB1271A9B0A00FC0F32 /* States */,
				DE0BFBB0271A9B0000FC0F32 /* Reducers */,
				DE0BFBAF271A9AF600FC0F32 /* Middlewares */,
			);
			path = Store;
			sourceTree = "<group>";
		};
		DE0BFBAF271A9AF600FC0F32 /* Middlewares */ = {
			isa = PBXGroup;
			children = (
				DE0BFBC9271B21B400FC0F32 /* HomeMiddleware.swift */,
			);
			path = Middlewares;
			sourceTree = "<group>";
		};
		DE0BFBB0271A9B0000FC0F32 /* Reducers */ = {
			isa = PBXGroup;
			children = (
				DE0BFBC7271B20FA00FC0F32 /* AppReducer.swift */,
				DE1833CC291F911000E3E885 /* HomeReducer.swift */,
			);
			path = Reducers;
			sourceTree = "<group>";
		};
		DE0BFBB1271A9B0A00FC0F32 /* States */ = {
			isa = PBXGroup;
			children = (
				DE0BFBC5271B20D200FC0F32 /* AppState.swift */,
				DE1833CA291F910200E3E885 /* HomeState.swift */,
			);
			path = States;
			sourceTree = "<group>";
		};
		DE0BFBB2271A9B3500FC0F32 /* Screens */ = {
			isa = PBXGroup;
			children = (
				DE0BFBBB271B16AB00FC0F32 /* HomeScreenView.swift */,
				DE0BFBBD271B16E300FC0F32 /* ArchiveScreenView.swift */,
				DE0BFBBF271B16FD00FC0F32 /* FavoriteScreenView.swift */,
				DE0BFBC1271B170B00FC0F32 /* ProfileScreenView.swift */,
			);
			path = Screens;
			sourceTree = "<group>";
		};
		DE0BFBB4271A9D1900FC0F32 /* Representable */ = {
			isa = PBXGroup;
			children = (
				DE20986A278B0F34000272B9 /* RatingViewRepresentable.swift */,
			);
			path = Representable;
			sourceTree = "<group>";
		};
		DE0BFBB5271B07ED00FC0F32 /* Extension */ = {
			isa = PBXGroup;
			children = (
				DE0BFBB6271B080900FC0F32 /* UIColorExtension.swift */,
				DE2098682787025D000272B9 /* SwiftUIColorExtension.swift */,
			);
			path = Extension;
			sourceTree = "<group>";
		};
		DE0BFBB8271B151F00FC0F32 /* Constants */ = {
			isa = PBXGroup;
			children = (
				DE0BFBB9271B154900FC0F32 /* AppConstants.swift */,
			);
			path = Constants;
			sourceTree = "<group>";
		};
		DE0BFBCB271B21C000FC0F32 /* Infrastructure */ = {
			isa = PBXGroup;
			children = (
				DEE257C5271F1E6500751B67 /* APIClientManager.swift */,
				DE1833D1291FAA3C00E3E885 /* RealmAccessManager.swift */,
				DE1833D8291FABCD00E3E885 /* UserDefaultManager.swift */,
			);
			path = Infrastructure;
			sourceTree = "<group>";
		};
		DE1833B3291D9DD500E3E885 /* Repository */ = {
			isa = PBXGroup;
			children = (
			);
			path = Repository;
			sourceTree = "<group>";
		};
		DE1833B4291D9E6F00E3E885 /* DataTransfer */ = {
			isa = PBXGroup;
			children = (
				DE1833B5291D9ED900E3E885 /* Response */,
			);
			path = DataTransfer;
			sourceTree = "<group>";
		};
		DE1833B5291D9ED900E3E885 /* Response */ = {
			isa = PBXGroup;
			children = (
				DE1833C8291DB77800E3E885 /* HomeResponse.swift */,
				DE1833B8291DA7C300E3E885 /* Home */,
			);
			path = Response;
			sourceTree = "<group>";
		};
		DE1833B8291DA7C300E3E885 /* Home */ = {
			isa = PBXGroup;
			children = (
				DE0BFBD6271B38BD00FC0F32 /* CampaignBannersResponse.swift */,
				DE1833BE291DAABF00E3E885 /* FeaturedTopicsResponse.swift */,
				DE1833C6291DB70D00E3E885 /* PickupPhotoResponse.swift */,
				DE1833BA291DA7E800E3E885 /* RecentNewsResponse.swift */,
				DE1833C2291DAF8100E3E885 /* TrendArticleResponse.swift */,
			);
			path = Home;
			sourceTree = "<group>";
		};
		DE1833B9291DA7CE00E3E885 /* Home */ = {
			isa = PBXGroup;
			children = (
				DE0BFBD8271B38CF00FC0F32 /* CampaignBannerEntity.swift */,
				DE1833BC291DA8BD00E3E885 /* FeaturedTopicEntity.swift */,
				DE1833C4291DB41F00E3E885 /* PickupPhotoEntity.swift */,
				DE1833B6291DA39F00E3E885 /* RecentNewsEntity.swift */,
				DE1833C0291DAD9900E3E885 /* TrendArticleEntity.swift */,
			);
			path = Home;
			sourceTree = "<group>";
		};
		DE1833DA29210BD400E3E885 /* LocalStore */ = {
			isa = PBXGroup;
			children = (
				DE1833DB29210BF600E3E885 /* ApplicationStatusLocalStore.swift */,
			);
			path = LocalStore;
			sourceTree = "<group>";
		};
		DE1833DE29210CB100E3E885 /* Model */ = {
			isa = PBXGroup;
			children = (
				DE0BFBAC271A9A1800FC0F32 /* Entity */,
				DE1833B4291D9E6F00E3E885 /* DataTransfer */,
				DE1833DA29210BD400E3E885 /* LocalStore */,
				DE1833DF29210D3C00E3E885 /* RealmObject */,
			);
			path = Model;
			sourceTree = "<group>";
		};
		DE1833DF29210D3C00E3E885 /* RealmObject */ = {
			isa = PBXGroup;
			children = (
				DE1833E029210DB700E3E885 /* FavoriteRealmEntity.swift */,
			);
			path = RealmObject;
			sourceTree = "<group>";
		};
		DE183401292FC76E00E3E885 /* Testing */ = {
			isa = PBXGroup;
			children = (
				DE1834152932174900E3E885 /* campaign_banners.json */,
				DE18341F2932833000E3E885 /* featured_topics.json */,
				DE1834212932887900E3E885 /* pickup_photos.json */,
				DE183417293223E600E3E885 /* recent_news.json */,
				DE1834192932714F00E3E885 /* trend_articles.json */,
			);
			path = Testing;
			sourceTree = "<group>";
		};
		DE18341B2932719500E3E885 /* UsefulFunction */ = {
			isa = PBXGroup;
			children = (
				DE42E19929423C52007E462F /* DateLabelFormatter.swift */,
			);
			path = UsefulFunction;
			sourceTree = "<group>";
		};
		DE18341E2932829F00E3E885 /* Archive */ = {
			isa = PBXGroup;
			children = (
				DE18341C2932829900E3E885 /* ArchivePhotoEntity.swift */,
			);
			path = Archive;
			sourceTree = "<group>";
		};
		DE1834232934EF3C00E3E885 /* Home */ = {
			isa = PBXGroup;
			children = (
				DE18342E29407DC900E3E885 /* HomeCommonSectionView.swift */,
				DE1833EB292DC86800E3E885 /* CampaignBannerCarouselView.swift */,
				DE18342A293FF87400E3E885 /* PickupPhotosGridView.swift */,
				DE18342C29404A5E00E3E885 /* RecentNewsCarouselView.swift */,
			);
			path = Home;
			sourceTree = "<group>";
		};
		DED73F7E28E82C2D00A7F811 /* Components */ = {
			isa = PBXGroup;
			children = (
				DE1834232934EF3C00E3E885 /* Home */,
			);
			path = Components;
			sourceTree = "<group>";
		};
		DED73F8028E833B900A7F811 /* Actions */ = {
			isa = PBXGroup;
			children = (
				DE1833CE291F972900E3E885 /* HomeActions.swift */,
			);
			path = Actions;
			sourceTree = "<group>";
		};
		DEDA9CCC27B6B4E60067578E /* Router */ = {
			isa = PBXGroup;
			children = (
				DEDA9CCD27B6B5190067578E /* ContentRouter.swift */,
			);
			path = Router;
			sourceTree = "<group>";
		};
		DEE9C6E926E8308700190505 = {
			isa = PBXGroup;
			children = (
				DEE9C6F426E8308700190505 /* SwiftUIAndReduxExample */,
				DEE9C70626E8308900190505 /* SwiftUIAndReduxExampleTests */,
				DEE9C71126E8308900190505 /* SwiftUIAndReduxExampleUITests */,
				DEE9C6F326E8308700190505 /* Products */,
			);
			sourceTree = "<group>";
		};
		DEE9C6F326E8308700190505 /* Products */ = {
			isa = PBXGroup;
			children = (
				DEE9C6F226E8308700190505 /* SwiftUIAndReduxExample.app */,
				DEE9C70326E8308900190505 /* SwiftUIAndReduxExampleTests.xctest */,
				DEE9C70E26E8308900190505 /* SwiftUIAndReduxExampleUITests.xctest */,
			);
			name = Products;
			sourceTree = "<group>";
		};
		DEE9C6F426E8308700190505 /* SwiftUIAndReduxExample */ = {
			isa = PBXGroup;
			children = (
				DEE9C6FE26E8308800190505 /* Info.plist */,
				DEE9C6F926E8308800190505 /* Assets.xcassets */,
				DE0BFBAA271A99E700FC0F32 /* App */,
				DE0BFBB8271B151F00FC0F32 /* Constants */,
				DE0BFBB5271B07ED00FC0F32 /* Extension */,
				DE0BFBCB271B21C000FC0F32 /* Infrastructure */,
				DE1833DE29210CB100E3E885 /* Model */,
				DE1833B3291D9DD500E3E885 /* Repository */,
				DEDA9CCC27B6B4E60067578E /* Router */,
				DE0BFBAD271A9AD600FC0F32 /* Store */,
				DE183401292FC76E00E3E885 /* Testing */,
				DE18341B2932719500E3E885 /* UsefulFunction */,
				DE0BFBAB271A99F200FC0F32 /* View */,
				DEE9C6FB26E8308800190505 /* Preview Content */,
			);
			path = SwiftUIAndReduxExample;
			sourceTree = "<group>";
		};
		DEE9C6FB26E8308800190505 /* Preview Content */ = {
			isa = PBXGroup;
			children = (
				DEE9C6FC26E8308800190505 /* Preview Assets.xcassets */,
			);
			path = "Preview Content";
			sourceTree = "<group>";
		};
		DEE9C70626E8308900190505 /* SwiftUIAndReduxExampleTests */ = {
			isa = PBXGroup;
			children = (
				DEE9C70726E8308900190505 /* SwiftUIAndReduxExampleTests.swift */,
				DEE9C70926E8308900190505 /* Info.plist */,
			);
			path = SwiftUIAndReduxExampleTests;
			sourceTree = "<group>";
		};
		DEE9C71126E8308900190505 /* SwiftUIAndReduxExampleUITests */ = {
			isa = PBXGroup;
			children = (
				DEE9C71226E8308900190505 /* SwiftUIAndReduxExampleUITests.swift */,
				DEE9C71426E8308900190505 /* Info.plist */,
			);
			path = SwiftUIAndReduxExampleUITests;
			sourceTree = "<group>";
		};
/* End PBXGroup section */

/* Begin PBXNativeTarget section */
		DEE9C6F126E8308700190505 /* SwiftUIAndReduxExample */ = {
			isa = PBXNativeTarget;
			buildConfigurationList = DEE9C71726E8308900190505 /* Build configuration list for PBXNativeTarget "SwiftUIAndReduxExample" */;
			buildPhases = (
				DEE9C6EE26E8308700190505 /* Sources */,
				DEE9C6EF26E8308700190505 /* Frameworks */,
				DEE9C6F026E8308700190505 /* Resources */,
			);
			buildRules = (
			);
			dependencies = (
			);
			name = SwiftUIAndReduxExample;
			packageProductDependencies = (
				DE136BE727227525007F6808 /* SwiftyUserDefaults */,
				DE43243F28463B4F001ECA85 /* Cosmos */,
				DED73F8228F451DA00A7F811 /* CollectionViewPagingLayout */,
				DE1833D4291FAB6700E3E885 /* Realm */,
				DE1833D6291FAB6700E3E885 /* RealmSwift */,
				DE183428293FDC5000E3E885 /* Kingfisher */,
			);
			productName = SwiftUIAndReduxExample;
			productReference = DEE9C6F226E8308700190505 /* SwiftUIAndReduxExample.app */;
			productType = "com.apple.product-type.application";
		};
		DEE9C70226E8308900190505 /* SwiftUIAndReduxExampleTests */ = {
			isa = PBXNativeTarget;
			buildConfigurationList = DEE9C71A26E8308900190505 /* Build configuration list for PBXNativeTarget "SwiftUIAndReduxExampleTests" */;
			buildPhases = (
				DEE9C6FF26E8308900190505 /* Sources */,
				DEE9C70026E8308900190505 /* Frameworks */,
				DEE9C70126E8308900190505 /* Resources */,
			);
			buildRules = (
			);
			dependencies = (
				DEE9C70526E8308900190505 /* PBXTargetDependency */,
			);
			name = SwiftUIAndReduxExampleTests;
			productName = SwiftUIAndReduxExampleTests;
			productReference = DEE9C70326E8308900190505 /* SwiftUIAndReduxExampleTests.xctest */;
			productType = "com.apple.product-type.bundle.unit-test";
		};
		DEE9C70D26E8308900190505 /* SwiftUIAndReduxExampleUITests */ = {
			isa = PBXNativeTarget;
			buildConfigurationList = DEE9C71D26E8308900190505 /* Build configuration list for PBXNativeTarget "SwiftUIAndReduxExampleUITests" */;
			buildPhases = (
				DEE9C70A26E8308900190505 /* Sources */,
				DEE9C70B26E8308900190505 /* Frameworks */,
				DEE9C70C26E8308900190505 /* Resources */,
			);
			buildRules = (
			);
			dependencies = (
				DEE9C71026E8308900190505 /* PBXTargetDependency */,
			);
			name = SwiftUIAndReduxExampleUITests;
			productName = SwiftUIAndReduxExampleUITests;
			productReference = DEE9C70E26E8308900190505 /* SwiftUIAndReduxExampleUITests.xctest */;
			productType = "com.apple.product-type.bundle.ui-testing";
		};
/* End PBXNativeTarget section */

/* Begin PBXProject section */
		DEE9C6EA26E8308700190505 /* Project object */ = {
			isa = PBXProject;
			attributes = {
				LastSwiftUpdateCheck = 1250;
				LastUpgradeCheck = 1250;
				TargetAttributes = {
					DEE9C6F126E8308700190505 = {
						CreatedOnToolsVersion = 12.5;
					};
					DEE9C70226E8308900190505 = {
						CreatedOnToolsVersion = 12.5;
						TestTargetID = DEE9C6F126E8308700190505;
					};
					DEE9C70D26E8308900190505 = {
						CreatedOnToolsVersion = 12.5;
						TestTargetID = DEE9C6F126E8308700190505;
					};
				};
			};
			buildConfigurationList = DEE9C6ED26E8308700190505 /* Build configuration list for PBXProject "SwiftUIAndReduxExample" */;
			compatibilityVersion = "Xcode 9.3";
			developmentRegion = en;
			hasScannedForEncodings = 0;
			knownRegions = (
				en,
				Base,
			);
			mainGroup = DEE9C6E926E8308700190505;
			packageReferences = (
				DE136BE627227525007F6808 /* XCRemoteSwiftPackageReference "SwiftyUserDefaults" */,
				DE43243E28463B4E001ECA85 /* XCRemoteSwiftPackageReference "Cosmos" */,
				DED73F8128F451DA00A7F811 /* XCRemoteSwiftPackageReference "CollectionViewPagingLayout" */,
				DE1833D3291FAB6700E3E885 /* XCRemoteSwiftPackageReference "realm-swift" */,
				DE183427293FDC5000E3E885 /* XCRemoteSwiftPackageReference "Kingfisher" */,
			);
			productRefGroup = DEE9C6F326E8308700190505 /* Products */;
			projectDirPath = "";
			projectRoot = "";
			targets = (
				DEE9C6F126E8308700190505 /* SwiftUIAndReduxExample */,
				DEE9C70226E8308900190505 /* SwiftUIAndReduxExampleTests */,
				DEE9C70D26E8308900190505 /* SwiftUIAndReduxExampleUITests */,
			);
		};
/* End PBXProject section */

/* Begin PBXResourcesBuildPhase section */
		DEE9C6F026E8308700190505 /* Resources */ = {
			isa = PBXResourcesBuildPhase;
			buildActionMask = 2147483647;
			files = (
				DE18341A2932715000E3E885 /* trend_articles.json in Resources */,
				DE1834162932174900E3E885 /* campaign_banners.json in Resources */,
				DE183418293223E600E3E885 /* recent_news.json in Resources */,
				DE1834222932887900E3E885 /* pickup_photos.json in Resources */,
				DEE9C6FD26E8308800190505 /* Preview Assets.xcassets in Resources */,
				DEE9C6FA26E8308800190505 /* Assets.xcassets in Resources */,
				DE1834202932833000E3E885 /* featured_topics.json in Resources */,
			);
			runOnlyForDeploymentPostprocessing = 0;
		};
		DEE9C70126E8308900190505 /* Resources */ = {
			isa = PBXResourcesBuildPhase;
			buildActionMask = 2147483647;
			files = (
			);
			runOnlyForDeploymentPostprocessing = 0;
		};
		DEE9C70C26E8308900190505 /* Resources */ = {
			isa = PBXResourcesBuildPhase;
			buildActionMask = 2147483647;
			files = (
			);
			runOnlyForDeploymentPostprocessing = 0;
		};
/* End PBXResourcesBuildPhase section */

/* Begin PBXSourcesBuildPhase section */
		DEE9C6EE26E8308700190505 /* Sources */ = {
			isa = PBXSourcesBuildPhase;
			buildActionMask = 2147483647;
			files = (
				DE1833D9291FABCD00E3E885 /* UserDefaultManager.swift in Sources */,
				DE1833D2291FAA3C00E3E885 /* RealmAccessManager.swift in Sources */,
				DE0BFBB7271B080900FC0F32 /* UIColorExtension.swift in Sources */,
				DE0BFBC0271B16FD00FC0F32 /* FavoriteScreenView.swift in Sources */,
				DEE9C6F826E8308700190505 /* ContentView.swift in Sources */,
				DE18342B293FF87400E3E885 /* PickupPhotosGridView.swift in Sources */,
				DE20986B278B0F35000272B9 /* RatingViewRepresentable.swift in Sources */,
				DE0BFBCA271B21B400FC0F32 /* HomeMiddleware.swift in Sources */,
				DE1833C9291DB77800E3E885 /* HomeResponse.swift in Sources */,
				DE0BFBC4271B1EA400FC0F32 /* Store.swift in Sources */,
				DEE257C6271F1E6500751B67 /* APIClientManager.swift in Sources */,
				DE0BFBBC271B16AB00FC0F32 /* HomeScreenView.swift in Sources */,
				DE42E19A29423C52007E462F /* DateLabelFormatter.swift in Sources */,
				DE18341D2932829900E3E885 /* ArchivePhotoEntity.swift in Sources */,
				DE0BFBC6271B20D200FC0F32 /* AppState.swift in Sources */,
				DE9F9A1927867A5F00EF32BB /* AppDelegate.swift in Sources */,
				DE0BFBD9271B38CF00FC0F32 /* CampaignBannerEntity.swift in Sources */,
				DE0BFBD7271B38BD00FC0F32 /* CampaignBannersResponse.swift in Sources */,
				DEE9C6F626E8308700190505 /* SwiftUIAndReduxExampleApp.swift in Sources */,
				DE0BFBBA271B154900FC0F32 /* AppConstants.swift in Sources */,
				DE1833BF291DAABF00E3E885 /* FeaturedTopicsResponse.swift in Sources */,
				DE1833BD291DA8BD00E3E885 /* FeaturedTopicEntity.swift in Sources */,
				DE1833CD291F911000E3E885 /* HomeReducer.swift in Sources */,
				DE18342F29407DC900E3E885 /* HomeCommonSectionView.swift in Sources */,
				DE1833BB291DA7E800E3E885 /* RecentNewsResponse.swift in Sources */,
				DE1833C1291DAD9900E3E885 /* TrendArticleEntity.swift in Sources */,
				DE1833C3291DAF8100E3E885 /* TrendArticleResponse.swift in Sources */,
				DE2098692787025D000272B9 /* SwiftUIColorExtension.swift in Sources */,
				DE1833C7291DB70D00E3E885 /* PickupPhotoResponse.swift in Sources */,
				DE1833CB291F910200E3E885 /* HomeState.swift in Sources */,
				DE1833EC292DC86800E3E885 /* CampaignBannerCarouselView.swift in Sources */,
				DE18342D29404A5E00E3E885 /* RecentNewsCarouselView.swift in Sources */,
				DE0BFBC2271B170B00FC0F32 /* ProfileScreenView.swift in Sources */,
				DE0BFBC8271B20FA00FC0F32 /* AppReducer.swift in Sources */,
				DE1833B7291DA3A000E3E885 /* RecentNewsEntity.swift in Sources */,
				DEDA9CCE27B6B5190067578E /* ContentRouter.swift in Sources */,
				DE1833E129210DB700E3E885 /* FavoriteRealmEntity.swift in Sources */,
				DE0BFBBE271B16E300FC0F32 /* ArchiveScreenView.swift in Sources */,
				DE1833CF291F972900E3E885 /* HomeActions.swift in Sources */,
				DE1833DC29210BF600E3E885 /* ApplicationStatusLocalStore.swift in Sources */,
				DE1833C5291DB41F00E3E885 /* PickupPhotoEntity.swift in Sources */,
			);
			runOnlyForDeploymentPostprocessing = 0;
		};
		DEE9C6FF26E8308900190505 /* Sources */ = {
			isa = PBXSourcesBuildPhase;
			buildActionMask = 2147483647;
			files = (
				DEE9C70826E8308900190505 /* SwiftUIAndReduxExampleTests.swift in Sources */,
			);
			runOnlyForDeploymentPostprocessing = 0;
		};
		DEE9C70A26E8308900190505 /* Sources */ = {
			isa = PBXSourcesBuildPhase;
			buildActionMask = 2147483647;
			files = (
				DEE9C71326E8308900190505 /* SwiftUIAndReduxExampleUITests.swift in Sources */,
			);
			runOnlyForDeploymentPostprocessing = 0;
		};
/* End PBXSourcesBuildPhase section */

/* Begin PBXTargetDependency section */
		DEE9C70526E8308900190505 /* PBXTargetDependency */ = {
			isa = PBXTargetDependency;
			target = DEE9C6F126E8308700190505 /* SwiftUIAndReduxExample */;
			targetProxy = DEE9C70426E8308900190505 /* PBXContainerItemProxy */;
		};
		DEE9C71026E8308900190505 /* PBXTargetDependency */ = {
			isa = PBXTargetDependency;
			target = DEE9C6F126E8308700190505 /* SwiftUIAndReduxExample */;
			targetProxy = DEE9C70F26E8308900190505 /* PBXContainerItemProxy */;
		};
/* End PBXTargetDependency section */

/* Begin XCBuildConfiguration section */
		DEE9C71526E8308900190505 /* Debug */ = {
			isa = XCBuildConfiguration;
			buildSettings = {
				ALWAYS_SEARCH_USER_PATHS = NO;
				CLANG_ANALYZER_NONNULL = YES;
				CLANG_ANALYZER_NUMBER_OBJECT_CONVERSION = YES_AGGRESSIVE;
				CLANG_CXX_LANGUAGE_STANDARD = "gnu++14";
				CLANG_CXX_LIBRARY = "libc++";
				CLANG_ENABLE_MODULES = YES;
				CLANG_ENABLE_OBJC_ARC = YES;
				CLANG_ENABLE_OBJC_WEAK = YES;
				CLANG_WARN_BLOCK_CAPTURE_AUTORELEASING = YES;
				CLANG_WARN_BOOL_CONVERSION = YES;
				CLANG_WARN_COMMA = YES;
				CLANG_WARN_CONSTANT_CONVERSION = YES;
				CLANG_WARN_DEPRECATED_OBJC_IMPLEMENTATIONS = YES;
				CLANG_WARN_DIRECT_OBJC_ISA_USAGE = YES_ERROR;
				CLANG_WARN_DOCUMENTATION_COMMENTS = YES;
				CLANG_WARN_EMPTY_BODY = YES;
				CLANG_WARN_ENUM_CONVERSION = YES;
				CLANG_WARN_INFINITE_RECURSION = YES;
				CLANG_WARN_INT_CONVERSION = YES;
				CLANG_WARN_NON_LITERAL_NULL_CONVERSION = YES;
				CLANG_WARN_OBJC_IMPLICIT_RETAIN_SELF = YES;
				CLANG_WARN_OBJC_LITERAL_CONVERSION = YES;
				CLANG_WARN_OBJC_ROOT_CLASS = YES_ERROR;
				CLANG_WARN_QUOTED_INCLUDE_IN_FRAMEWORK_HEADER = YES;
				CLANG_WARN_RANGE_LOOP_ANALYSIS = YES;
				CLANG_WARN_STRICT_PROTOTYPES = YES;
				CLANG_WARN_SUSPICIOUS_MOVE = YES;
				CLANG_WARN_UNGUARDED_AVAILABILITY = YES_AGGRESSIVE;
				CLANG_WARN_UNREACHABLE_CODE = YES;
				CLANG_WARN__DUPLICATE_METHOD_MATCH = YES;
				COPY_PHASE_STRIP = NO;
				DEBUG_INFORMATION_FORMAT = dwarf;
				ENABLE_STRICT_OBJC_MSGSEND = YES;
				ENABLE_TESTABILITY = YES;
				GCC_C_LANGUAGE_STANDARD = gnu11;
				GCC_DYNAMIC_NO_PIC = NO;
				GCC_NO_COMMON_BLOCKS = YES;
				GCC_OPTIMIZATION_LEVEL = 0;
				GCC_PREPROCESSOR_DEFINITIONS = (
					"DEBUG=1",
					"$(inherited)",
				);
				GCC_WARN_64_TO_32_BIT_CONVERSION = YES;
				GCC_WARN_ABOUT_RETURN_TYPE = YES_ERROR;
				GCC_WARN_UNDECLARED_SELECTOR = YES;
				GCC_WARN_UNINITIALIZED_AUTOS = YES_AGGRESSIVE;
				GCC_WARN_UNUSED_FUNCTION = YES;
				GCC_WARN_UNUSED_VARIABLE = YES;
				IPHONEOS_DEPLOYMENT_TARGET = 15.0;
				MTL_ENABLE_DEBUG_INFO = INCLUDE_SOURCE;
				MTL_FAST_MATH = YES;
				ONLY_ACTIVE_ARCH = YES;
				SDKROOT = iphoneos;
				SWIFT_ACTIVE_COMPILATION_CONDITIONS = DEBUG;
				SWIFT_OPTIMIZATION_LEVEL = "-Onone";
			};
			name = Debug;
		};
		DEE9C71626E8308900190505 /* Release */ = {
			isa = XCBuildConfiguration;
			buildSettings = {
				ALWAYS_SEARCH_USER_PATHS = NO;
				CLANG_ANALYZER_NONNULL = YES;
				CLANG_ANALYZER_NUMBER_OBJECT_CONVERSION = YES_AGGRESSIVE;
				CLANG_CXX_LANGUAGE_STANDARD = "gnu++14";
				CLANG_CXX_LIBRARY = "libc++";
				CLANG_ENABLE_MODULES = YES;
				CLANG_ENABLE_OBJC_ARC = YES;
				CLANG_ENABLE_OBJC_WEAK = YES;
				CLANG_WARN_BLOCK_CAPTURE_AUTORELEASING = YES;
				CLANG_WARN_BOOL_CONVERSION = YES;
				CLANG_WARN_COMMA = YES;
				CLANG_WARN_CONSTANT_CONVERSION = YES;
				CLANG_WARN_DEPRECATED_OBJC_IMPLEMENTATIONS = YES;
				CLANG_WARN_DIRECT_OBJC_ISA_USAGE = YES_ERROR;
				CLANG_WARN_DOCUMENTATION_COMMENTS = YES;
				CLANG_WARN_EMPTY_BODY = YES;
				CLANG_WARN_ENUM_CONVERSION = YES;
				CLANG_WARN_INFINITE_RECURSION = YES;
				CLANG_WARN_INT_CONVERSION = YES;
				CLANG_WARN_NON_LITERAL_NULL_CONVERSION = YES;
				CLANG_WARN_OBJC_IMPLICIT_RETAIN_SELF = YES;
				CLANG_WARN_OBJC_LITERAL_CONVERSION = YES;
				CLANG_WARN_OBJC_ROOT_CLASS = YES_ERROR;
				CLANG_WARN_QUOTED_INCLUDE_IN_FRAMEWORK_HEADER = YES;
				CLANG_WARN_RANGE_LOOP_ANALYSIS = YES;
				CLANG_WARN_STRICT_PROTOTYPES = YES;
				CLANG_WARN_SUSPICIOUS_MOVE = YES;
				CLANG_WARN_UNGUARDED_AVAILABILITY = YES_AGGRESSIVE;
				CLANG_WARN_UNREACHABLE_CODE = YES;
				CLANG_WARN__DUPLICATE_METHOD_MATCH = YES;
				COPY_PHASE_STRIP = NO;
				DEBUG_INFORMATION_FORMAT = "dwarf-with-dsym";
				ENABLE_NS_ASSERTIONS = NO;
				ENABLE_STRICT_OBJC_MSGSEND = YES;
				GCC_C_LANGUAGE_STANDARD = gnu11;
				GCC_NO_COMMON_BLOCKS = YES;
				GCC_WARN_64_TO_32_BIT_CONVERSION = YES;
				GCC_WARN_ABOUT_RETURN_TYPE = YES_ERROR;
				GCC_WARN_UNDECLARED_SELECTOR = YES;
				GCC_WARN_UNINITIALIZED_AUTOS = YES_AGGRESSIVE;
				GCC_WARN_UNUSED_FUNCTION = YES;
				GCC_WARN_UNUSED_VARIABLE = YES;
				IPHONEOS_DEPLOYMENT_TARGET = 15.0;
				MTL_ENABLE_DEBUG_INFO = NO;
				MTL_FAST_MATH = YES;
				SDKROOT = iphoneos;
				SWIFT_COMPILATION_MODE = wholemodule;
				SWIFT_OPTIMIZATION_LEVEL = "-O";
				VALIDATE_PRODUCT = YES;
			};
			name = Release;
		};
		DEE9C71826E8308900190505 /* Debug */ = {
			isa = XCBuildConfiguration;
			buildSettings = {
				ASSETCATALOG_COMPILER_APPICON_NAME = AppIcon;
				ASSETCATALOG_COMPILER_GLOBAL_ACCENT_COLOR_NAME = AccentColor;
				CODE_SIGN_STYLE = Automatic;
				DEVELOPMENT_ASSET_PATHS = "\"SwiftUIAndReduxExample/Preview Content\"";
				DEVELOPMENT_TEAM = S5BF5553KY;
				ENABLE_PREVIEWS = YES;
				INFOPLIST_FILE = SwiftUIAndReduxExample/Info.plist;
				IPHONEOS_DEPLOYMENT_TARGET = 16.0;
				LD_RUNPATH_SEARCH_PATHS = (
					"$(inherited)",
					"@executable_path/Frameworks",
				);
				PRODUCT_BUNDLE_IDENTIFIER = com.just1factory.SwiftUIAndReduxExample;
				PRODUCT_NAME = "$(TARGET_NAME)";
				SWIFT_VERSION = 5.0;
				TARGETED_DEVICE_FAMILY = "1,2";
			};
			name = Debug;
		};
		DEE9C71926E8308900190505 /* Release */ = {
			isa = XCBuildConfiguration;
			buildSettings = {
				ASSETCATALOG_COMPILER_APPICON_NAME = AppIcon;
				ASSETCATALOG_COMPILER_GLOBAL_ACCENT_COLOR_NAME = AccentColor;
				CODE_SIGN_STYLE = Automatic;
				DEVELOPMENT_ASSET_PATHS = "\"SwiftUIAndReduxExample/Preview Content\"";
				DEVELOPMENT_TEAM = S5BF5553KY;
				ENABLE_PREVIEWS = YES;
				INFOPLIST_FILE = SwiftUIAndReduxExample/Info.plist;
				IPHONEOS_DEPLOYMENT_TARGET = 16.0;
				LD_RUNPATH_SEARCH_PATHS = (
					"$(inherited)",
					"@executable_path/Frameworks",
				);
				PRODUCT_BUNDLE_IDENTIFIER = com.just1factory.SwiftUIAndReduxExample;
				PRODUCT_NAME = "$(TARGET_NAME)";
				SWIFT_VERSION = 5.0;
				TARGETED_DEVICE_FAMILY = "1,2";
			};
			name = Release;
		};
		DEE9C71B26E8308900190505 /* Debug */ = {
			isa = XCBuildConfiguration;
			buildSettings = {
				ALWAYS_EMBED_SWIFT_STANDARD_LIBRARIES = YES;
				BUNDLE_LOADER = "$(TEST_HOST)";
				CODE_SIGN_STYLE = Automatic;
				DEVELOPMENT_TEAM = S5BF5553KY;
				INFOPLIST_FILE = SwiftUIAndReduxExampleTests/Info.plist;
				IPHONEOS_DEPLOYMENT_TARGET = 15.0;
				LD_RUNPATH_SEARCH_PATHS = (
					"$(inherited)",
					"@executable_path/Frameworks",
					"@loader_path/Frameworks",
				);
				PRODUCT_BUNDLE_IDENTIFIER = com.just1factory.SwiftUIAndReduxExampleTests;
				PRODUCT_NAME = "$(TARGET_NAME)";
				SWIFT_VERSION = 5.0;
				TARGETED_DEVICE_FAMILY = "1,2";
				TEST_HOST = "$(BUILT_PRODUCTS_DIR)/SwiftUIAndReduxExample.app/SwiftUIAndReduxExample";
			};
			name = Debug;
		};
		DEE9C71C26E8308900190505 /* Release */ = {
			isa = XCBuildConfiguration;
			buildSettings = {
				ALWAYS_EMBED_SWIFT_STANDARD_LIBRARIES = YES;
				BUNDLE_LOADER = "$(TEST_HOST)";
				CODE_SIGN_STYLE = Automatic;
				DEVELOPMENT_TEAM = S5BF5553KY;
				INFOPLIST_FILE = SwiftUIAndReduxExampleTests/Info.plist;
				IPHONEOS_DEPLOYMENT_TARGET = 15.0;
				LD_RUNPATH_SEARCH_PATHS = (
					"$(inherited)",
					"@executable_path/Frameworks",
					"@loader_path/Frameworks",
				);
				PRODUCT_BUNDLE_IDENTIFIER = com.just1factory.SwiftUIAndReduxExampleTests;
				PRODUCT_NAME = "$(TARGET_NAME)";
				SWIFT_VERSION = 5.0;
				TARGETED_DEVICE_FAMILY = "1,2";
				TEST_HOST = "$(BUILT_PRODUCTS_DIR)/SwiftUIAndReduxExample.app/SwiftUIAndReduxExample";
			};
			name = Release;
		};
		DEE9C71E26E8308900190505 /* Debug */ = {
			isa = XCBuildConfiguration;
			buildSettings = {
				ALWAYS_EMBED_SWIFT_STANDARD_LIBRARIES = YES;
				CODE_SIGN_STYLE = Automatic;
				DEVELOPMENT_TEAM = S5BF5553KY;
				INFOPLIST_FILE = SwiftUIAndReduxExampleUITests/Info.plist;
				LD_RUNPATH_SEARCH_PATHS = (
					"$(inherited)",
					"@executable_path/Frameworks",
					"@loader_path/Frameworks",
				);
				PRODUCT_BUNDLE_IDENTIFIER = com.just1factory.SwiftUIAndReduxExampleUITests;
				PRODUCT_NAME = "$(TARGET_NAME)";
				SWIFT_VERSION = 5.0;
				TARGETED_DEVICE_FAMILY = "1,2";
				TEST_TARGET_NAME = SwiftUIAndReduxExample;
			};
			name = Debug;
		};
		DEE9C71F26E8308900190505 /* Release */ = {
			isa = XCBuildConfiguration;
			buildSettings = {
				ALWAYS_EMBED_SWIFT_STANDARD_LIBRARIES = YES;
				CODE_SIGN_STYLE = Automatic;
				DEVELOPMENT_TEAM = S5BF5553KY;
				INFOPLIST_FILE = SwiftUIAndReduxExampleUITests/Info.plist;
				LD_RUNPATH_SEARCH_PATHS = (
					"$(inherited)",
					"@executable_path/Frameworks",
					"@loader_path/Frameworks",
				);
				PRODUCT_BUNDLE_IDENTIFIER = com.just1factory.SwiftUIAndReduxExampleUITests;
				PRODUCT_NAME = "$(TARGET_NAME)";
				SWIFT_VERSION = 5.0;
				TARGETED_DEVICE_FAMILY = "1,2";
				TEST_TARGET_NAME = SwiftUIAndReduxExample;
			};
			name = Release;
		};
/* End XCBuildConfiguration section */

/* Begin XCConfigurationList section */
		DEE9C6ED26E8308700190505 /* Build configuration list for PBXProject "SwiftUIAndReduxExample" */ = {
			isa = XCConfigurationList;
			buildConfigurations = (
				DEE9C71526E8308900190505 /* Debug */,
				DEE9C71626E8308900190505 /* Release */,
			);
			defaultConfigurationIsVisible = 0;
			defaultConfigurationName = Release;
		};
		DEE9C71726E8308900190505 /* Build configuration list for PBXNativeTarget "SwiftUIAndReduxExample" */ = {
			isa = XCConfigurationList;
			buildConfigurations = (
				DEE9C71826E8308900190505 /* Debug */,
				DEE9C71926E8308900190505 /* Release */,
			);
			defaultConfigurationIsVisible = 0;
			defaultConfigurationName = Release;
		};
		DEE9C71A26E8308900190505 /* Build configuration list for PBXNativeTarget "SwiftUIAndReduxExampleTests" */ = {
			isa = XCConfigurationList;
			buildConfigurations = (
				DEE9C71B26E8308900190505 /* Debug */,
				DEE9C71C26E8308900190505 /* Release */,
			);
			defaultConfigurationIsVisible = 0;
			defaultConfigurationName = Release;
		};
		DEE9C71D26E8308900190505 /* Build configuration list for PBXNativeTarget "SwiftUIAndReduxExampleUITests" */ = {
			isa = XCConfigurationList;
			buildConfigurations = (
				DEE9C71E26E8308900190505 /* Debug */,
				DEE9C71F26E8308900190505 /* Release */,
			);
			defaultConfigurationIsVisible = 0;
			defaultConfigurationName = Release;
		};
/* End XCConfigurationList section */

/* Begin XCRemoteSwiftPackageReference section */
		DE136BE627227525007F6808 /* XCRemoteSwiftPackageReference "SwiftyUserDefaults" */ = {
			isa = XCRemoteSwiftPackageReference;
			repositoryURL = "https://github.com/sunshinejr/SwiftyUserDefaults";
			requirement = {
				kind = upToNextMajorVersion;
				minimumVersion = 5.0.0;
			};
		};
		DE1833D3291FAB6700E3E885 /* XCRemoteSwiftPackageReference "realm-swift" */ = {
			isa = XCRemoteSwiftPackageReference;
			repositoryURL = "https://github.com/realm/realm-swift.git";
			requirement = {
				kind = upToNextMinorVersion;
				minimumVersion = 10.32.3;
			};
		};
		DE183427293FDC5000E3E885 /* XCRemoteSwiftPackageReference "Kingfisher" */ = {
			isa = XCRemoteSwiftPackageReference;
			repositoryURL = "https://github.com/onevcat/Kingfisher.git";
			requirement = {
				kind = upToNextMajorVersion;
				minimumVersion = 7.0.0;
			};
		};
		DE43243E28463B4E001ECA85 /* XCRemoteSwiftPackageReference "Cosmos" */ = {
			isa = XCRemoteSwiftPackageReference;
			repositoryURL = "https://github.com/evgenyneu/Cosmos.git";
			requirement = {
				branch = master;
				kind = branch;
			};
		};
		DED73F8128F451DA00A7F811 /* XCRemoteSwiftPackageReference "CollectionViewPagingLayout" */ = {
			isa = XCRemoteSwiftPackageReference;
			repositoryURL = "https://github.com/amirdew/CollectionViewPagingLayout.git";
			requirement = {
				kind = upToNextMajorVersion;
				minimumVersion = 1.0.0;
			};
		};
/* End XCRemoteSwiftPackageReference section */

/* Begin XCSwiftPackageProductDependency section */
		DE136BE727227525007F6808 /* SwiftyUserDefaults */ = {
			isa = XCSwiftPackageProductDependency;
			package = DE136BE627227525007F6808 /* XCRemoteSwiftPackageReference "SwiftyUserDefaults" */;
			productName = SwiftyUserDefaults;
		};
		DE1833D4291FAB6700E3E885 /* Realm */ = {
			isa = XCSwiftPackageProductDependency;
			package = DE1833D3291FAB6700E3E885 /* XCRemoteSwiftPackageReference "realm-swift" */;
			productName = Realm;
		};
		DE1833D6291FAB6700E3E885 /* RealmSwift */ = {
			isa = XCSwiftPackageProductDependency;
			package = DE1833D3291FAB6700E3E885 /* XCRemoteSwiftPackageReference "realm-swift" */;
			productName = RealmSwift;
		};
		DE183428293FDC5000E3E885 /* Kingfisher */ = {
			isa = XCSwiftPackageProductDependency;
			package = DE183427293FDC5000E3E885 /* XCRemoteSwiftPackageReference "Kingfisher" */;
			productName = Kingfisher;
		};
		DE43243F28463B4F001ECA85 /* Cosmos */ = {
			isa = XCSwiftPackageProductDependency;
			package = DE43243E28463B4E001ECA85 /* XCRemoteSwiftPackageReference "Cosmos" */;
			productName = Cosmos;
		};
		DED73F8228F451DA00A7F811 /* CollectionViewPagingLayout */ = {
			isa = XCSwiftPackageProductDependency;
			package = DED73F8128F451DA00A7F811 /* XCRemoteSwiftPackageReference "CollectionViewPagingLayout" */;
			productName = CollectionViewPagingLayout;
		};
/* End XCSwiftPackageProductDependency section */
	};
	rootObject = DEE9C6EA26E8308700190505 /* Project object */;
}
